
Microsoft Visual Studio Solution File, Format Version 12.00
# Visual Studio 15
VisualStudioVersion = 15.0.28307.489
MinimumVisualStudioVersion = 10.0.40219.1
Project("{2150E333-8FDC-42A3-9474-1A3956D46DE8}") = "ICM.Api", "ICM.Api", "{5755BE0C-0306-4B0B-B51D-BD8F35F6912E}"
EndProject
Project("{2150E333-8FDC-42A3-9474-1A3956D46DE8}") = "ICM.Application", "ICM.Application", "{B7F3EC79-49A9-4BF7-8845-6015F922DF61}"
EndProject
Project("{2150E333-8FDC-42A3-9474-1A3956D46DE8}") = "ICM.Data", "ICM.Data", "{EBBF0773-21C0-4F3A-B901-947B17F566E5}"
EndProject
Project("{2150E333-8FDC-42A3-9474-1A3956D46DE8}") = "ICM.Domain", "ICM.Domain", "{380F4731-E271-436D-9557-071B4750DEF7}"
EndProject
Project("{2150E333-8FDC-42A3-9474-1A3956D46DE8}") = "ICM.IoC", "ICM.IoC", "{4DFA2C83-A45F-4915-B83D-242338B11016}"
EndProject
Project("{9A19103F-16F7-4668-BE54-9A1E7A4F7556}") = "AECI.ICM.Api", "AECI.ICM.Api\AECI.ICM.Api.csproj", "{9130FC9A-9999-4EBA-B422-25AB3110D83A}"
EndProject
Project("{9A19103F-16F7-4668-BE54-9A1E7A4F7556}") = "AECI.ICM.Application", "AECI.ICM.Application\AECI.ICM.Application.csproj", "{E44F0FCF-39EF-4082-B682-094D6FAF6E1F}"
EndProject
Project("{9A19103F-16F7-4668-BE54-9A1E7A4F7556}") = "AECI.ICM.Data", "AECI.ICM.Data\AECI.ICM.Data.csproj", "{821D222B-7B7B-49DB-8353-EE51F4FBBBDD}"
EndProject
Project("{9A19103F-16F7-4668-BE54-9A1E7A4F7556}") = "AECI.ICM.Domain", "AECI.ICM.Domain\AECI.ICM.Domain.csproj", "{95CCAEA7-EBBA-4C7B-B6B8-F97320EEB128}"
EndProject
Project("{9A19103F-16F7-4668-BE54-9A1E7A4F7556}") = "AECI.ICM.IoC", "AECI.ICM.IoC\AECI.ICM.IoC.csproj", "{CB5B4598-A5D4-4FF5-BC7A-5E14C9D94A7D}"
EndProject
Project("{2150E333-8FDC-42A3-9474-1A3956D46DE8}") = "ICM.Reports", "ICM.Reports", "{D17E078C-AD07-402B-8EC6-FC873F92FD37}"
EndProject
Project("{FAE04EC0-301F-11D3-BF4B-00C04F79EFBC}") = "AECI.ICM.PrintReports", "AECI.ICM.PrintReports\AECI.ICM.PrintReports.csproj", "{00AB58EE-3987-4EC4-A469-28E4BF354B40}"
EndProject
Project("{2150E333-8FDC-42A3-9474-1A3956D46DE8}") = "ICM.Shared", "ICM.Shared", "{14703F93-81C1-4AE2-8542-40B068F05EBB}"
EndProject
Project("{9A19103F-16F7-4668-BE54-9A1E7A4F7556}") = "AECI.ICM.Shared", "AECI.ICM.Shared\AECI.ICM.Shared.csproj", "{E8632689-5C07-488A-AC9A-82D4EC95C64F}"
EndProject
Project("{2150E333-8FDC-42A3-9474-1A3956D46DE8}") = "ICM.Monitor", "ICM.Monitor", "{6489E879-7EEC-43E0-BB5E-35AF8AECF8AF}"
EndProject
Project("{FAE04EC0-301F-11D3-BF4B-00C04F79EFBC}") = "MonitorService", "AECI.ICM.MonitorService\MonitorService.csproj", "{F2A76076-F8F3-4B54-B24B-FC30F5B6AEC3}"
EndProject
Project("{FAE04EC0-301F-11D3-BF4B-00C04F79EFBC}") = "AECI.Monitor.Test", "AECI.Monitor.Test\AECI.Monitor.Test.csproj", "{56796BC7-36D2-46A3-8181-333670971B22}"
EndProject
Project("{2150E333-8FDC-42A3-9474-1A3956D46DE8}") = "ICM.Test", "ICM.Test", "{DA2B2266-45A6-4017-BAF8-1112F70D87B6}"
EndProject
Project("{FAE04EC0-301F-11D3-BF4B-00C04F79EFBC}") = "AECI.ICM.Test", "AECI.ICM.Test\AECI.ICM.Test.csproj", "{3EAB2EE7-81EB-4A80-AD70-455208AD4A80}"
EndProject
Global
	GlobalSection(SolutionConfigurationPlatforms) = preSolution
		Debug|Any CPU = Debug|Any CPU
		Release|Any CPU = Release|Any CPU
	EndGlobalSection
	GlobalSection(ProjectConfigurationPlatforms) = postSolution
		{9130FC9A-9999-4EBA-B422-25AB3110D83A}.Debug|Any CPU.ActiveCfg = Debug|Any CPU
		{9130FC9A-9999-4EBA-B422-25AB3110D83A}.Debug|Any CPU.Build.0 = Debug|Any CPU
		{9130FC9A-9999-4EBA-B422-25AB3110D83A}.Release|Any CPU.ActiveCfg = Release|Any CPU
		{9130FC9A-9999-4EBA-B422-25AB3110D83A}.Release|Any CPU.Build.0 = Release|Any CPU
		{E44F0FCF-39EF-4082-B682-094D6FAF6E1F}.Debug|Any CPU.ActiveCfg = Debug|Any CPU
		{E44F0FCF-39EF-4082-B682-094D6FAF6E1F}.Debug|Any CPU.Build.0 = Debug|Any CPU
		{E44F0FCF-39EF-4082-B682-094D6FAF6E1F}.Release|Any CPU.ActiveCfg = Release|Any CPU
		{E44F0FCF-39EF-4082-B682-094D6FAF6E1F}.Release|Any CPU.Build.0 = Release|Any CPU
		{821D222B-7B7B-49DB-8353-EE51F4FBBBDD}.Debug|Any CPU.ActiveCfg = Debug|Any CPU
		{821D222B-7B7B-49DB-8353-EE51F4FBBBDD}.Debug|Any CPU.Build.0 = Debug|Any CPU
		{821D222B-7B7B-49DB-8353-EE51F4FBBBDD}.Release|Any CPU.ActiveCfg = Release|Any CPU
		{821D222B-7B7B-49DB-8353-EE51F4FBBBDD}.Release|Any CPU.Build.0 = Release|Any CPU
		{95CCAEA7-EBBA-4C7B-B6B8-F97320EEB128}.Debug|Any CPU.ActiveCfg = Debug|Any CPU
		{95CCAEA7-EBBA-4C7B-B6B8-F97320EEB128}.Debug|Any CPU.Build.0 = Debug|Any CPU
		{95CCAEA7-EBBA-4C7B-B6B8-F97320EEB128}.Release|Any CPU.ActiveCfg = Release|Any CPU
		{95CCAEA7-EBBA-4C7B-B6B8-F97320EEB128}.Release|Any CPU.Build.0 = Release|Any CPU
		{CB5B4598-A5D4-4FF5-BC7A-5E14C9D94A7D}.Debug|Any CPU.ActiveCfg = Debug|Any CPU
		{CB5B4598-A5D4-4FF5-BC7A-5E14C9D94A7D}.Debug|Any CPU.Build.0 = Debug|Any CPU
		{CB5B4598-A5D4-4FF5-BC7A-5E14C9D94A7D}.Release|Any CPU.ActiveCfg = Release|Any CPU
		{CB5B4598-A5D4-4FF5-BC7A-5E14C9D94A7D}.Release|Any CPU.Build.0 = Release|Any CPU
		{00AB58EE-3987-4EC4-A469-28E4BF354B40}.Debug|Any CPU.ActiveCfg = Debug|Any CPU
		{00AB58EE-3987-4EC4-A469-28E4BF354B40}.Debug|Any CPU.Build.0 = Debug|Any CPU
		{00AB58EE-3987-4EC4-A469-28E4BF354B40}.Release|Any CPU.ActiveCfg = Release|Any CPU
		{00AB58EE-3987-4EC4-A469-28E4BF354B40}.Release|Any CPU.Build.0 = Release|Any CPU
		{E8632689-5C07-488A-AC9A-82D4EC95C64F}.Debug|Any CPU.ActiveCfg = Debug|Any CPU
		{E8632689-5C07-488A-AC9A-82D4EC95C64F}.Debug|Any CPU.Build.0 = Debug|Any CPU
		{E8632689-5C07-488A-AC9A-82D4EC95C64F}.Release|Any CPU.ActiveCfg = Release|Any CPU
		{E8632689-5C07-488A-AC9A-82D4EC95C64F}.Release|Any CPU.Build.0 = Release|Any CPU
		{F2A76076-F8F3-4B54-B24B-FC30F5B6AEC3}.Debug|Any CPU.ActiveCfg = Debug|Any CPU
		{F2A76076-F8F3-4B54-B24B-FC30F5B6AEC3}.Debug|Any CPU.Build.0 = Debug|Any CPU
		{F2A76076-F8F3-4B54-B24B-FC30F5B6AEC3}.Release|Any CPU.ActiveCfg = Release|Any CPU
		{F2A76076-F8F3-4B54-B24B-FC30F5B6AEC3}.Release|Any CPU.Build.0 = Release|Any CPU
		{56796BC7-36D2-46A3-8181-333670971B22}.Debug|Any CPU.ActiveCfg = Debug|Any CPU
		{56796BC7-36D2-46A3-8181-333670971B22}.Debug|Any CPU.Build.0 = Debug|Any CPU
		{56796BC7-36D2-46A3-8181-333670971B22}.Release|Any CPU.ActiveCfg = Release|Any CPU
		{56796BC7-36D2-46A3-8181-333670971B22}.Release|Any CPU.Build.0 = Release|Any CPU
		{3EAB2EE7-81EB-4A80-AD70-455208AD4A80}.Debug|Any CPU.ActiveCfg = Debug|Any CPU
		{3EAB2EE7-81EB-4A80-AD70-455208AD4A80}.Debug|Any CPU.Build.0 = Debug|Any CPU
		{3EAB2EE7-81EB-4A80-AD70-455208AD4A80}.Release|Any CPU.ActiveCfg = Release|Any CPU
		{3EAB2EE7-81EB-4A80-AD70-455208AD4A80}.Release|Any CPU.Build.0 = Release|Any CPU
	EndGlobalSection
	GlobalSection(SolutionProperties) = preSolution
		HideSolutionNode = FALSE
	EndGlobalSection
	GlobalSection(NestedProjects) = preSolution
		{9130FC9A-9999-4EBA-B422-25AB3110D83A} = {5755BE0C-0306-4B0B-B51D-BD8F35F6912E}
		{E44F0FCF-39EF-4082-B682-094D6FAF6E1F} = {B7F3EC79-49A9-4BF7-8845-6015F922DF61}
		{821D222B-7B7B-49DB-8353-EE51F4FBBBDD} = {EBBF0773-21C0-4F3A-B901-947B17F566E5}
		{95CCAEA7-EBBA-4C7B-B6B8-F97320EEB128} = {380F4731-E271-436D-9557-071B4750DEF7}
		{CB5B4598-A5D4-4FF5-BC7A-5E14C9D94A7D} = {4DFA2C83-A45F-4915-B83D-242338B11016}
		{00AB58EE-3987-4EC4-A469-28E4BF354B40} = {D17E078C-AD07-402B-8EC6-FC873F92FD37}
		{E8632689-5C07-488A-AC9A-82D4EC95C64F} = {14703F93-81C1-4AE2-8542-40B068F05EBB}
		{F2A76076-F8F3-4B54-B24B-FC30F5B6AEC3} = {6489E879-7EEC-43E0-BB5E-35AF8AECF8AF}
		{56796BC7-36D2-46A3-8181-333670971B22} = {6489E879-7EEC-43E0-BB5E-35AF8AECF8AF}
		{3EAB2EE7-81EB-4A80-AD70-455208AD4A80} = {DA2B2266-45A6-4017-BAF8-1112F70D87B6}
	EndGlobalSection
	GlobalSection(ExtensibilityGlobals) = postSolution
		SolutionGuid = {6B3E1CB2-2AC4-496F-82B6-7D6BB47D0FAE}
	EndGlobalSection
EndGlobal
